
Microsoft Visual Studio Solution File, Format Version 12.00
# Visual Studio Version 17
VisualStudioVersion = 17.0.31912.275
MinimumVisualStudioVersion = 10.0.40219.1
Project("{8BC9CEB8-8B4A-11D0-8D11-00A0C91BC942}") = "Evex Module", "Evex Module\Evex Module.vcxproj", "{FAE95C39-8D76-4B6D-A10A-4DC1D7E7C3ED}"
EndProject
Project("{FAE04EC0-301F-11D3-BF4B-00C04F79EFBC}") = "Evex Interface", "Evex Interface\Evex Interface.csproj", "{FFDBBCA1-55BB-4210-A03E-343908F94DE6}"
EndProject
Global
	GlobalSection(SolutionConfigurationPlatforms) = preSolution
		Debug|Any CPU = Debug|Any CPU
		Debug|x64 = Debug|x64
		Debug|x86 = Debug|x86
		Release|Any CPU = Release|Any CPU
		Release|x64 = Release|x64
		Release|x86 = Release|x86
	EndGlobalSection
	GlobalSection(ProjectConfigurationPlatforms) = postSolution
		{FAE95C39-8D76-4B6D-A10A-4DC1D7E7C3ED}.Debug|Any CPU.ActiveCfg = Debug|x64
		{FAE95C39-8D76-4B6D-A10A-4DC1D7E7C3ED}.Debug|Any CPU.Build.0 = Debug|x64
		{FAE95C39-8D76-4B6D-A10A-4DC1D7E7C3ED}.Debug|x64.ActiveCfg = Debug|x64
		{FAE95C39-8D76-4B6D-A10A-4DC1D7E7C3ED}.Debug|x64.Build.0 = Debug|x64
		{FAE95C39-8D76-4B6D-A10A-4DC1D7E7C3ED}.Debug|x86.ActiveCfg = Debug|Win32
		{FAE95C39-8D76-4B6D-A10A-4DC1D7E7C3ED}.Debug|x86.Build.0 = Debug|Win32
		{FAE95C39-8D76-4B6D-A10A-4DC1D7E7C3ED}.Release|Any CPU.ActiveCfg = Release|x64
		{FAE95C39-8D76-4B6D-A10A-4DC1D7E7C3ED}.Release|Any CPU.Build.0 = Release|x64
		{FAE95C39-8D76-4B6D-A10A-4DC1D7E7C3ED}.Release|x64.ActiveCfg = Release|x64
		{FAE95C39-8D76-4B6D-A10A-4DC1D7E7C3ED}.Release|x64.Build.0 = Release|x64
		{FAE95C39-8D76-4B6D-A10A-4DC1D7E7C3ED}.Release|x86.ActiveCfg = Release|Win32
		{FAE95C39-8D76-4B6D-A10A-4DC1D7E7C3ED}.Release|x86.Build.0 = Release|Win32
		{FFDBBCA1-55BB-4210-A03E-343908F94DE6}.Debug|Any CPU.ActiveCfg = Debug|Any CPU
		{FFDBBCA1-55BB-4210-A03E-343908F94DE6}.Debug|Any CPU.Build.0 = Debug|Any CPU
		{FFDBBCA1-55BB-4210-A03E-343908F94DE6}.Debug|x64.ActiveCfg = Debug|Any CPU
		{FFDBBCA1-55BB-4210-A03E-343908F94DE6}.Debug|x64.Build.0 = Debug|Any CPU
		{FFDBBCA1-55BB-4210-A03E-343908F94DE6}.Debug|x86.ActiveCfg = Debug|Any CPU
		{FFDBBCA1-55BB-4210-A03E-343908F94DE6}.Debug|x86.Build.0 = Debug|Any CPU
		{FFDBBCA1-55BB-4210-A03E-343908F94DE6}.Release|Any CPU.ActiveCfg = Release|Any CPU
		{FFDBBCA1-55BB-4210-A03E-343908F94DE6}.Release|Any CPU.Build.0 = Release|Any CPU
		{FFDBBCA1-55BB-4210-A03E-343908F94DE6}.Release|x64.ActiveCfg = Release|Any CPU
		{FFDBBCA1-55BB-4210-A03E-343908F94DE6}.Release|x64.Build.0 = Release|Any CPU
		{FFDBBCA1-55BB-4210-A03E-343908F94DE6}.Release|x86.ActiveCfg = Debug|Any CPU
		{FFDBBCA1-55BB-4210-A03E-343908F94DE6}.Release|x86.Build.0 = Debug|Any CPU
	EndGlobalSection
	GlobalSection(SolutionProperties) = preSolution
		HideSolutionNode = FALSE
	EndGlobalSection
	GlobalSection(ExtensibilityGlobals) = postSolution
		SolutionGuid = {16CC24CA-9EDB-4915-AF8D-E5BA9041F130}
	EndGlobalSection
EndGlobal
